// !$*UTF8*$!
{
	archiveVersion = 1;
	classes = {
	};
	objectVersion = 50;
	objects = {

/* Begin PBXBuildFile section */
		52368324259881C5004D0793 /* AppDelegate.swift in Sources */ = {isa = PBXBuildFile; fileRef = 52368323259881C5004D0793 /* AppDelegate.swift */; };
		52368326259881C5004D0793 /* SceneDelegate.swift in Sources */ = {isa = PBXBuildFile; fileRef = 52368325259881C5004D0793 /* SceneDelegate.swift */; };
		52368328259881C5004D0793 /* ViewController.swift in Sources */ = {isa = PBXBuildFile; fileRef = 52368327259881C5004D0793 /* ViewController.swift */; };
		5236832B259881C5004D0793 /* Main.storyboard in Resources */ = {isa = PBXBuildFile; fileRef = 52368329259881C5004D0793 /* Main.storyboard */; };
		5236832D259881C7004D0793 /* Assets.xcassets in Resources */ = {isa = PBXBuildFile; fileRef = 5236832C259881C7004D0793 /* Assets.xcassets */; };
		52368330259881C7004D0793 /* LaunchScreen.storyboard in Resources */ = {isa = PBXBuildFile; fileRef = 5236832E259881C7004D0793 /* LaunchScreen.storyboard */; };
		5236833B259881C7004D0793 /* denemeTests.swift in Sources */ = {isa = PBXBuildFile; fileRef = 5236833A259881C7004D0793 /* denemeTests.swift */; };
		52368346259881C7004D0793 /* denemeUITests.swift in Sources */ = {isa = PBXBuildFile; fileRef = 52368345259881C7004D0793 /* denemeUITests.swift */; };
/* End PBXBuildFile section */

/* Begin PBXContainerItemProxy section */
		52368337259881C7004D0793 /* PBXContainerItemProxy */ = {
			isa = PBXContainerItemProxy;
			containerPortal = 52368318259881C5004D0793 /* Project object */;
			proxyType = 1;
			remoteGlobalIDString = 5236831F259881C5004D0793;
			remoteInfo = deneme;
		};
		52368342259881C7004D0793 /* PBXContainerItemProxy */ = {
			isa = PBXContainerItemProxy;
			containerPortal = 52368318259881C5004D0793 /* Project object */;
			proxyType = 1;
			remoteGlobalIDString = 5236831F259881C5004D0793;
			remoteInfo = deneme;
		};
/* End PBXContainerItemProxy section */

/* Begin PBXFileReference section */
		52368320259881C5004D0793 /* deneme.app */ = {isa = PBXFileReference; explicitFileType = wrapper.application; includeInIndex = 0; path = deneme.app; sourceTree = BUILT_PRODUCTS_DIR; };
		52368323259881C5004D0793 /* AppDelegate.swift */ = {isa = PBXFileReference; lastKnownFileType = sourcecode.swift; path = AppDelegate.swift; sourceTree = "<group>"; };
		52368325259881C5004D0793 /* SceneDelegate.swift */ = {isa = PBXFileReference; lastKnownFileType = sourcecode.swift; path = SceneDelegate.swift; sourceTree = "<group>"; };
		52368327259881C5004D0793 /* ViewController.swift */ = {isa = PBXFileReference; lastKnownFileType = sourcecode.swift; path = ViewController.swift; sourceTree = "<group>"; };
		5236832A259881C5004D0793 /* Base */ = {isa = PBXFileReference; lastKnownFileType = file.storyboard; name = Base; path = Base.lproj/Main.storyboard; sourceTree = "<group>"; };
		5236832C259881C7004D0793 /* Assets.xcassets */ = {isa = PBXFileReference; lastKnownFileType = folder.assetcatalog; path = Assets.xcassets; sourceTree = "<group>"; };
		5236832F259881C7004D0793 /* Base */ = {isa = PBXFileReference; lastKnownFileType = file.storyboard; name = Base; path = Base.lproj/LaunchScreen.storyboard; sourceTree = "<group>"; };
		52368331259881C7004D0793 /* Info.plist */ = {isa = PBXFileReference; lastKnownFileType = text.plist.xml; path = Info.plist; sourceTree = "<group>"; };
		52368336259881C7004D0793 /* denemeTests.xctest */ = {isa = PBXFileReference; explicitFileType = wrapper.cfbundle; includeInIndex = 0; path = denemeTests.xctest; sourceTree = BUILT_PRODUCTS_DIR; };
		5236833A259881C7004D0793 /* denemeTests.swift */ = {isa = PBXFileReference; lastKnownFileType = sourcecode.swift; path = denemeTests.swift; sourceTree = "<group>"; };
		5236833C259881C7004D0793 /* Info.plist */ = {isa = PBXFileReference; lastKnownFileType = text.plist.xml; path = Info.plist; sourceTree = "<group>"; };
		52368341259881C7004D0793 /* denemeUITests.xctest */ = {isa = PBXFileReference; explicitFileType = wrapper.cfbundle; includeInIndex = 0; path = denemeUITests.xctest; sourceTree = BUILT_PRODUCTS_DIR; };
		52368345259881C7004D0793 /* denemeUITests.swift */ = {isa = PBXFileReference; lastKnownFileType = sourcecode.swift; path = denemeUITests.swift; sourceTree = "<group>"; };
		52368347259881C7004D0793 /* Info.plist */ = {isa = PBXFileReference; lastKnownFileType = text.plist.xml; path = Info.plist; sourceTree = "<group>"; };
/* End PBXFileReference section */

/* Begin PBXFrameworksBuildPhase section */
		5236831D259881C5004D0793 /* Frameworks */ = {
			isa = PBXFrameworksBuildPhase;
			buildActionMask = 2147483647;
			files = (
			);
			runOnlyForDeploymentPostprocessing = 0;
		};
		52368333259881C7004D0793 /* Frameworks */ = {
			isa = PBXFrameworksBuildPhase;
			buildActionMask = 2147483647;
			files = (
			);
			runOnlyForDeploymentPostprocessing = 0;
		};
		5236833E259881C7004D0793 /* Frameworks */ = {
			isa = PBXFrameworksBuildPhase;
			buildActionMask = 2147483647;
			files = (
			);
			runOnlyForDeploymentPostprocessing = 0;
		};
/* End PBXFrameworksBuildPhase section */

/* Begin PBXGroup section */
		52368317259881C5004D0793 = {
			isa = PBXGroup;
			children = (
				52368322259881C5004D0793 /* deneme */,
				52368339259881C7004D0793 /* denemeTests */,
				52368344259881C7004D0793 /* denemeUITests */,
				52368321259881C5004D0793 /* Products */,
			);
			sourceTree = "<group>";
		};
		52368321259881C5004D0793 /* Products */ = {
			isa = PBXGroup;
			children = (
				52368320259881C5004D0793 /* deneme.app */,
				52368336259881C7004D0793 /* denemeTests.xctest */,
				52368341259881C7004D0793 /* denemeUITests.xctest */,
			);
			name = Products;
			sourceTree = "<group>";
		};
		52368322259881C5004D0793 /* deneme */ = {
			isa = PBXGroup;
			children = (
				52368323259881C5004D0793 /* AppDelegate.swift */,
				52368325259881C5004D0793 /* SceneDelegate.swift */,
				52368327259881C5004D0793 /* ViewController.swift */,
				52368329259881C5004D0793 /* Main.storyboard */,
				5236832C259881C7004D0793 /* Assets.xcassets */,
				5236832E259881C7004D0793 /* LaunchScreen.storyboard */,
				52368331259881C7004D0793 /* Info.plist */,
			);
			path = deneme;
			sourceTree = "<group>";
		};
		52368339259881C7004D0793 /* denemeTests */ = {
			isa = PBXGroup;
			children = (
				5236833A259881C7004D0793 /* denemeTests.swift */,
				5236833C259881C7004D0793 /* Info.plist */,
			);
			path = denemeTests;
			sourceTree = "<group>";
		};
		52368344259881C7004D0793 /* denemeUITests */ = {
			isa = PBXGroup;
			children = (
				52368345259881C7004D0793 /* denemeUITests.swift */,
				52368347259881C7004D0793 /* Info.plist */,
			);
			path = denemeUITests;
			sourceTree = "<group>";
		};
/* End PBXGroup section */

/* Begin PBXNativeTarget section */
		5236831F259881C5004D0793 /* deneme */ = {
			isa = PBXNativeTarget;
			buildConfigurationList = 5236834A259881C7004D0793 /* Build configuration list for PBXNativeTarget "deneme" */;
			buildPhases = (
				5236831C259881C5004D0793 /* Sources */,
				5236831D259881C5004D0793 /* Frameworks */,
				5236831E259881C5004D0793 /* Resources */,
			);
			buildRules = (
			);
			dependencies = (
			);
			name = deneme;
			productName = deneme;
			productReference = 52368320259881C5004D0793 /* deneme.app */;
			productType = "com.apple.product-type.application";
		};
		52368335259881C7004D0793 /* denemeTests */ = {
			isa = PBXNativeTarget;
			buildConfigurationList = 5236834D259881C7004D0793 /* Build configuration list for PBXNativeTarget "denemeTests" */;
			buildPhases = (
				52368332259881C7004D0793 /* Sources */,
				52368333259881C7004D0793 /* Frameworks */,
				52368334259881C7004D0793 /* Resources */,
			);
			buildRules = (
			);
			dependencies = (
				52368338259881C7004D0793 /* PBXTargetDependency */,
			);
			name = denemeTests;
			productName = denemeTests;
			productReference = 52368336259881C7004D0793 /* denemeTests.xctest */;
			productType = "com.apple.product-type.bundle.unit-test";
		};
		52368340259881C7004D0793 /* denemeUITests */ = {
			isa = PBXNativeTarget;
			buildConfigurationList = 52368350259881C7004D0793 /* Build configuration list for PBXNativeTarget "denemeUITests" */;
			buildPhases = (
				5236833D259881C7004D0793 /* Sources */,
				5236833E259881C7004D0793 /* Frameworks */,
				5236833F259881C7004D0793 /* Resources */,
			);
			buildRules = (
			);
			dependencies = (
				52368343259881C7004D0793 /* PBXTargetDependency */,
			);
			name = denemeUITests;
			productName = denemeUITests;
			productReference = 52368341259881C7004D0793 /* denemeUITests.xctest */;
			productType = "com.apple.product-type.bundle.ui-testing";
		};
/* End PBXNativeTarget section */

/* Begin PBXProject section */
		52368318259881C5004D0793 /* Project object */ = {
			isa = PBXProject;
			attributes = {
				LastSwiftUpdateCheck = 1230;
				LastUpgradeCheck = 1230;
				TargetAttributes = {
					5236831F259881C5004D0793 = {
						CreatedOnToolsVersion = 12.3;
					};
					52368335259881C7004D0793 = {
						CreatedOnToolsVersion = 12.3;
						TestTargetID = 5236831F259881C5004D0793;
					};
					52368340259881C7004D0793 = {
						CreatedOnToolsVersion = 12.3;
						TestTargetID = 5236831F259881C5004D0793;
					};
				};
			};
			buildConfigurationList = 5236831B259881C5004D0793 /* Build configuration list for PBXProject "deneme" */;
			compatibilityVersion = "Xcode 9.3";
			developmentRegion = en;
			hasScannedForEncodings = 0;
			knownRegions = (
				en,
				Base,
			);
			mainGroup = 52368317259881C5004D0793;
			productRefGroup = 52368321259881C5004D0793 /* Products */;
			projectDirPath = "";
			projectRoot = "";
			targets = (
				5236831F259881C5004D0793 /* deneme */,
				52368335259881C7004D0793 /* denemeTests */,
				52368340259881C7004D0793 /* denemeUITests */,
			);
		};
/* End PBXProject section */

/* Begin PBXResourcesBuildPhase section */
		5236831E259881C5004D0793 /* Resources */ = {
			isa = PBXResourcesBuildPhase;
			buildActionMask = 2147483647;
			files = (
				52368330259881C7004D0793 /* LaunchScreen.storyboard in Resources */,
				5236832D259881C7004D0793 /* Assets.xcassets in Resources */,
				5236832B259881C5004D0793 /* Main.storyboard in Resources */,
			);
			runOnlyForDeploymentPostprocessing = 0;
		};
		52368334259881C7004D0793 /* Resources */ = {
			isa = PBXResourcesBuildPhase;
			buildActionMask = 2147483647;
			files = (
			);
			runOnlyForDeploymentPostprocessing = 0;
		};
		5236833F259881C7004D0793 /* Resources */ = {
			isa = PBXResourcesBuildPhase;
			buildActionMask = 2147483647;
			files = (
			);
			runOnlyForDeploymentPostprocessing = 0;
		};
/* End PBXResourcesBuildPhase section */

/* Begin PBXSourcesBuildPhase section */
		5236831C259881C5004D0793 /* Sources */ = {
			isa = PBXSourcesBuildPhase;
			buildActionMask = 2147483647;
			files = (
				52368328259881C5004D0793 /* ViewController.swift in Sources */,
				52368324259881C5004D0793 /* AppDelegate.swift in Sources */,
				52368326259881C5004D0793 /* SceneDelegate.swift in Sources */,
			);
			runOnlyForDeploymentPostprocessing = 0;
		};
		52368332259881C7004D0793 /* Sources */ = {
			isa = PBXSourcesBuildPhase;
			buildActionMask = 2147483647;
			files = (
				5236833B259881C7004D0793 /* denemeTests.swift in Sources */,
			);
			runOnlyForDeploymentPostprocessing = 0;
		};
		5236833D259881C7004D0793 /* Sources */ = {
			isa = PBXSourcesBuildPhase;
			buildActionMask = 2147483647;
			files = (
				52368346259881C7004D0793 /* denemeUITests.swift in Sources */,
			);
			runOnlyForDeploymentPostprocessing = 0;
		};
/* End PBXSourcesBuildPhase section */

/* Begin PBXTargetDependency section */
		52368338259881C7004D0793 /* PBXTargetDependency */ = {
			isa = PBXTargetDependency;
			target = 5236831F259881C5004D0793 /* deneme */;
			targetProxy = 52368337259881C7004D0793 /* PBXContainerItemProxy */;
		};
		52368343259881C7004D0793 /* PBXTargetDependency */ = {
			isa = PBXTargetDependency;
			target = 5236831F259881C5004D0793 /* deneme */;
			targetProxy = 52368342259881C7004D0793 /* PBXContainerItemProxy */;
		};
/* End PBXTargetDependency section */

/* Begin PBXVariantGroup section */
		52368329259881C5004D0793 /* Main.storyboard */ = {
			isa = PBXVariantGroup;
			children = (
				5236832A259881C5004D0793 /* Base */,
			);
			name = Main.storyboard;
			sourceTree = "<group>";
		};
		5236832E259881C7004D0793 /* LaunchScreen.storyboard */ = {
			isa = PBXVariantGroup;
			children = (
				5236832F259881C7004D0793 /* Base */,
			);
			name = LaunchScreen.storyboard;
			sourceTree = "<group>";
		};
/* End PBXVariantGroup section */

/* Begin XCBuildConfiguration section */
		52368348259881C7004D0793 /* Debug */ = {
			isa = XCBuildConfiguration;
			buildSettings = {
				ALWAYS_SEARCH_USER_PATHS = NO;
				CLANG_ANALYZER_NONNULL = YES;
				CLANG_ANALYZER_NUMBER_OBJECT_CONVERSION = YES_AGGRESSIVE;
				CLANG_CXX_LANGUAGE_STANDARD = "gnu++14";
				CLANG_CXX_LIBRARY = "libc++";
				CLANG_ENABLE_MODULES = YES;
				CLANG_ENABLE_OBJC_ARC = YES;
				CLANG_ENABLE_OBJC_WEAK = YES;
				CLANG_WARN_BLOCK_CAPTURE_AUTORELEASING = YES;
				CLANG_WARN_BOOL_CONVERSION = YES;
				CLANG_WARN_COMMA = YES;
				CLANG_WARN_CONSTANT_CONVERSION = YES;
				CLANG_WARN_DEPRECATED_OBJC_IMPLEMENTATIONS = YES;
				CLANG_WARN_DIRECT_OBJC_ISA_USAGE = YES_ERROR;
				CLANG_WARN_DOCUMENTATION_COMMENTS = YES;
				CLANG_WARN_EMPTY_BODY = YES;
				CLANG_WARN_ENUM_CONVERSION = YES;
				CLANG_WARN_INFINITE_RECURSION = YES;
				CLANG_WARN_INT_CONVERSION = YES;
				CLANG_WARN_NON_LITERAL_NULL_CONVERSION = YES;
				CLANG_WARN_OBJC_IMPLICIT_RETAIN_SELF = YES;
				CLANG_WARN_OBJC_LITERAL_CONVERSION = YES;
				CLANG_WARN_OBJC_ROOT_CLASS = YES_ERROR;
				CLANG_WARN_QUOTED_INCLUDE_IN_FRAMEWORK_HEADER = YES;
				CLANG_WARN_RANGE_LOOP_ANALYSIS = YES;
				CLANG_WARN_STRICT_PROTOTYPES = YES;
				CLANG_WARN_SUSPICIOUS_MOVE = YES;
				CLANG_WARN_UNGUARDED_AVAILABILITY = YES_AGGRESSIVE;
				CLANG_WARN_UNREACHABLE_CODE = YES;
				CLANG_WARN__DUPLICATE_METHOD_MATCH = YES;
				COPY_PHASE_STRIP = NO;
				DEBUG_INFORMATION_FORMAT = dwarf;
				ENABLE_STRICT_OBJC_MSGSEND = YES;
				ENABLE_TESTABILITY = YES;
				GCC_C_LANGUAGE_STANDARD = gnu11;
				GCC_DYNAMIC_NO_PIC = NO;
				GCC_NO_COMMON_BLOCKS = YES;
				GCC_OPTIMIZATION_LEVEL = 0;
				GCC_PREPROCESSOR_DEFINITIONS = (
					"DEBUG=1",
					"$(inherited)",
				);
				GCC_WARN_64_TO_32_BIT_CONVERSION = YES;
				GCC_WARN_ABOUT_RETURN_TYPE = YES_ERROR;
				GCC_WARN_UNDECLARED_SELECTOR = YES;
				GCC_WARN_UNINITIALIZED_AUTOS = YES_AGGRESSIVE;
				GCC_WARN_UNUSED_FUNCTION = YES;
				GCC_WARN_UNUSED_VARIABLE = YES;
				IPHONEOS_DEPLOYMENT_TARGET = 14.3;
				MTL_ENABLE_DEBUG_INFO = INCLUDE_SOURCE;
				MTL_FAST_MATH = YES;
				ONLY_ACTIVE_ARCH = YES;
				SDKROOT = iphoneos;
				SWIFT_ACTIVE_COMPILATION_CONDITIONS = DEBUG;
				SWIFT_OPTIMIZATION_LEVEL = "-Onone";
			};
			name = Debug;
		};
		52368349259881C7004D0793 /* Release */ = {
			isa = XCBuildConfiguration;
			buildSettings = {
				ALWAYS_SEARCH_USER_PATHS = NO;
				CLANG_ANALYZER_NONNULL = YES;
				CLANG_ANALYZER_NUMBER_OBJECT_CONVERSION = YES_AGGRESSIVE;
				CLANG_CXX_LANGUAGE_STANDARD = "gnu++14";
				CLANG_CXX_LIBRARY = "libc++";
				CLANG_ENABLE_MODULES = YES;
				CLANG_ENABLE_OBJC_ARC = YES;
				CLANG_ENABLE_OBJC_WEAK = YES;
				CLANG_WARN_BLOCK_CAPTURE_AUTORELEASING = YES;
				CLANG_WARN_BOOL_CONVERSION = YES;
				CLANG_WARN_COMMA = YES;
				CLANG_WARN_CONSTANT_CONVERSION = YES;
				CLANG_WARN_DEPRECATED_OBJC_IMPLEMENTATIONS = YES;
				CLANG_WARN_DIRECT_OBJC_ISA_USAGE = YES_ERROR;
				CLANG_WARN_DOCUMENTATION_COMMENTS = YES;
				CLANG_WARN_EMPTY_BODY = YES;
				CLANG_WARN_ENUM_CONVERSION = YES;
				CLANG_WARN_INFINITE_RECURSION = YES;
				CLANG_WARN_INT_CONVERSION = YES;
				CLANG_WARN_NON_LITERAL_NULL_CONVERSION = YES;
				CLANG_WARN_OBJC_IMPLICIT_RETAIN_SELF = YES;
				CLANG_WARN_OBJC_LITERAL_CONVERSION = YES;
				CLANG_WARN_OBJC_ROOT_CLASS = YES_ERROR;
				CLANG_WARN_QUOTED_INCLUDE_IN_FRAMEWORK_HEADER = YES;
				CLANG_WARN_RANGE_LOOP_ANALYSIS = YES;
				CLANG_WARN_STRICT_PROTOTYPES = YES;
				CLANG_WARN_SUSPICIOUS_MOVE = YES;
				CLANG_WARN_UNGUARDED_AVAILABILITY = YES_AGGRESSIVE;
				CLANG_WARN_UNREACHABLE_CODE = YES;
				CLANG_WARN__DUPLICATE_METHOD_MATCH = YES;
				COPY_PHASE_STRIP = NO;
				DEBUG_INFORMATION_FORMAT = "dwarf-with-dsym";
				ENABLE_NS_ASSERTIONS = NO;
				ENABLE_STRICT_OBJC_MSGSEND = YES;
				GCC_C_LANGUAGE_STANDARD = gnu11;
				GCC_NO_COMMON_BLOCKS = YES;
				GCC_WARN_64_TO_32_BIT_CONVERSION = YES;
				GCC_WARN_ABOUT_RETURN_TYPE = YES_ERROR;
				GCC_WARN_UNDECLARED_SELECTOR = YES;
				GCC_WARN_UNINITIALIZED_AUTOS = YES_AGGRESSIVE;
				GCC_WARN_UNUSED_FUNCTION = YES;
				GCC_WARN_UNUSED_VARIABLE = YES;
				IPHONEOS_DEPLOYMENT_TARGET = 14.3;
				MTL_ENABLE_DEBUG_INFO = NO;
				MTL_FAST_MATH = YES;
				SDKROOT = iphoneos;
				SWIFT_COMPILATION_MODE = wholemodule;
				SWIFT_OPTIMIZATION_LEVEL = "-O";
				VALIDATE_PRODUCT = YES;
			};
			name = Release;
		};
		5236834B259881C7004D0793 /* Debug */ = {
			isa = XCBuildConfiguration;
			buildSettings = {
				ASSETCATALOG_COMPILER_APPICON_NAME = AppIcon;
				ASSETCATALOG_COMPILER_GLOBAL_ACCENT_COLOR_NAME = AccentColor;
				CODE_SIGN_STYLE = Automatic;
				INFOPLIST_FILE = deneme/Info.plist;
				LD_RUNPATH_SEARCH_PATHS = (
					"$(inherited)",
					"@executable_path/Frameworks",
				);
				PRODUCT_BUNDLE_IDENTIFIER = com.huseyinYolasigmazoglu.deneme;
				PRODUCT_NAME = "$(TARGET_NAME)";
				SWIFT_VERSION = 5.0;
				TARGETED_DEVICE_FAMILY = "1,2";
			};
			name = Debug;
		};
		5236834C259881C7004D0793 /* Release */ = {
			isa = XCBuildConfiguration;
			buildSettings = {
				ASSETCATALOG_COMPILER_APPICON_NAME = AppIcon;
				ASSETCATALOG_COMPILER_GLOBAL_ACCENT_COLOR_NAME = AccentColor;
				CODE_SIGN_STYLE = Automatic;
				INFOPLIST_FILE = deneme/Info.plist;
				LD_RUNPATH_SEARCH_PATHS = (
					"$(inherited)",
					"@executable_path/Frameworks",
				);
				PRODUCT_BUNDLE_IDENTIFIER = com.huseyinYolasigmazoglu.deneme;
				PRODUCT_NAME = "$(TARGET_NAME)";
				SWIFT_VERSION = 5.0;
				TARGETED_DEVICE_FAMILY = "1,2";
			};
			name = Release;
		};
		5236834E259881C7004D0793 /* Debug */ = {
			isa = XCBuildConfiguration;
			buildSettings = {
				ALWAYS_EMBED_SWIFT_STANDARD_LIBRARIES = YES;
				BUNDLE_LOADER = "$(TEST_HOST)";
				CODE_SIGN_STYLE = Automatic;
				INFOPLIST_FILE = denemeTests/Info.plist;
				IPHONEOS_DEPLOYMENT_TARGET = 14.3;
				LD_RUNPATH_SEARCH_PATHS = (
					"$(inherited)",
					"@executable_path/Frameworks",
					"@loader_path/Frameworks",
				);
				PRODUCT_BUNDLE_IDENTIFIER = com.huseyinYolasigmazoglu.denemeTests;
				PRODUCT_NAME = "$(TARGET_NAME)";
				SWIFT_VERSION = 5.0;
				TARGETED_DEVICE_FAMILY = "1,2";
				TEST_HOST = "$(BUILT_PRODUCTS_DIR)/deneme.app/deneme";
			};
			name = Debug;
		};
		5236834F259881C7004D0793 /* Release */ = {
			isa = XCBuildConfiguration;
			buildSettings = {
				ALWAYS_EMBED_SWIFT_STANDARD_LIBRARIES = YES;
				BUNDLE_LOADER = "$(TEST_HOST)";
				CODE_SIGN_STYLE = Automatic;
				INFOPLIST_FILE = denemeTests/Info.plist;
				IPHONEOS_DEPLOYMENT_TARGET = 14.3;
				LD_RUNPATH_SEARCH_PATHS = (
					"$(inherited)",
					"@executable_path/Frameworks",
					"@loader_path/Frameworks",
				);
				PRODUCT_BUNDLE_IDENTIFIER = com.huseyinYolasigmazoglu.denemeTests;
				PRODUCT_NAME = "$(TARGET_NAME)";
				SWIFT_VERSION = 5.0;
				TARGETED_DEVICE_FAMILY = "1,2";
				TEST_HOST = "$(BUILT_PRODUCTS_DIR)/deneme.app/deneme";
			};
			name = Release;
		};
		52368351259881C7004D0793 /* Debug */ = {
			isa = XCBuildConfiguration;
			buildSettings = {
				ALWAYS_EMBED_SWIFT_STANDARD_LIBRARIES = YES;
				CODE_SIGN_STYLE = Automatic;
				INFOPLIST_FILE = denemeUITests/Info.plist;
				LD_RUNPATH_SEARCH_PATHS = (
					"$(inherited)",
					"@executable_path/Frameworks",
					"@loader_path/Frameworks",
				);
				PRODUCT_BUNDLE_IDENTIFIER = com.huseyinYolasigmazoglu.denemeUITests;
				PRODUCT_NAME = "$(TARGET_NAME)";
				SWIFT_VERSION = 5.0;
				TARGETED_DEVICE_FAMILY = "1,2";
				TEST_TARGET_NAME = deneme;
			};
			name = Debug;
		};
		52368352259881C7004D0793 /* Release */ = {
			isa = XCBuildConfiguration;
			buildSettings = {
				ALWAYS_EMBED_SWIFT_STANDARD_LIBRARIES = YES;
				CODE_SIGN_STYLE = Automatic;
				INFOPLIST_FILE = denemeUITests/Info.plist;
				LD_RUNPATH_SEARCH_PATHS = (
					"$(inherited)",
					"@executable_path/Frameworks",
					"@loader_path/Frameworks",
				);
				PRODUCT_BUNDLE_IDENTIFIER = com.huseyinYolasigmazoglu.denemeUITests;
				PRODUCT_NAME = "$(TARGET_NAME)";
				SWIFT_VERSION = 5.0;
				TARGETED_DEVICE_FAMILY = "1,2";
				TEST_TARGET_NAME = deneme;
			};
			name = Release;
		};
/* End XCBuildConfiguration section */

/* Begin XCConfigurationList section */
		5236831B259881C5004D0793 /* Build configuration list for PBXProject "deneme" */ = {
			isa = XCConfigurationList;
			buildConfigurations = (
				52368348259881C7004D0793 /* Debug */,
				52368349259881C7004D0793 /* Release */,
			);
			defaultConfigurationIsVisible = 0;
			defaultConfigurationName = Release;
		};
		5236834A259881C7004D0793 /* Build configuration list for PBXNativeTarget "deneme" */ = {
			isa = XCConfigurationList;
			buildConfigurations = (
				5236834B259881C7004D0793 /* Debug */,
				5236834C259881C7004D0793 /* Release */,
			);
			defaultConfigurationIsVisible = 0;
			defaultConfigurationName = Release;
		};
		5236834D259881C7004D0793 /* Build configuration list for PBXNativeTarget "denemeTests" */ = {
			isa = XCConfigurationList;
			buildConfigurations = (
				5236834E259881C7004D0793 /* Debug */,
				5236834F259881C7004D0793 /* Release */,
			);
			defaultConfigurationIsVisible = 0;
			defaultConfigurationName = Release;
		};
		52368350259881C7004D0793 /* Build configuration list for PBXNativeTarget "denemeUITests" */ = {
			isa = XCConfigurationList;
			buildConfigurations = (
				52368351259881C7004D0793 /* Debug */,
				52368352259881C7004D0793 /* Release */,
			);
			defaultConfigurationIsVisible = 0;
			defaultConfigurationName = Release;
		};
/* End XCConfigurationList section */
	};
	rootObject = 52368318259881C5004D0793 /* Project object */;
}
